
Microsoft Visual Studio Solution File, Format Version 12.00
Project("{2150E333-8FDC-42A3-9474-1A3956D46DE8}") = "src", "src", "{B497FEAF-5BE2-4BA6-93AF-47A43ECCB7A3}"
EndProject
Project("{FAE04EC0-301F-11D3-BF4B-00C04F79EFBC}") = "Example.Endpoint", "Example.Endpoint\Example.Endpoint.csproj", "{06F08354-E6B2-4052-9BAB-C6F73BC5C1AE}"
EndProject
Project("{FAE04EC0-301F-11D3-BF4B-00C04F79EFBC}") = "Example.CFP", "Example.CFP\Example.CFP.csproj", "{AC8F92E7-8D32-42FE-BD31-01A0673F9C61}"
EndProject
Project("{2150E333-8FDC-42A3-9474-1A3956D46DE8}") = "tests", "tests", "{DFD938E5-7A21-4D81-A313-3F5558588378}"
EndProject
Project("{FAE04EC0-301F-11D3-BF4B-00C04F79EFBC}") = "Example.Endpoint.UnitTests", "Example.Endpoint.UnitTests\Example.Endpoint.UnitTests.csproj", "{08E47CB0-646B-4A5C-B527-3AEC7F894187}"
EndProject
Project("{FAE04EC0-301F-11D3-BF4B-00C04F79EFBC}") = "Example.Messages", "Example.Messages\Example.Messages.csproj", "{7AFB8336-1943-4C4A-AF68-1569BB2C7729}"
EndProject
Project("{FAE04EC0-301F-11D3-BF4B-00C04F79EFBC}") = "Example.Domain", "Example.Domain\Example.Domain.csproj", "{1E90418E-3FBE-4A47-A208-D0DDB554AE74}"
EndProject
Global
	GlobalSection(SolutionConfigurationPlatforms) = preSolution
		Debug|Any CPU = Debug|Any CPU
		Release|Any CPU = Release|Any CPU
	EndGlobalSection
	GlobalSection(NestedProjects) = preSolution
		{06F08354-E6B2-4052-9BAB-C6F73BC5C1AE} = {B497FEAF-5BE2-4BA6-93AF-47A43ECCB7A3}
		{AC8F92E7-8D32-42FE-BD31-01A0673F9C61} = {B497FEAF-5BE2-4BA6-93AF-47A43ECCB7A3}
		{08E47CB0-646B-4A5C-B527-3AEC7F894187} = {DFD938E5-7A21-4D81-A313-3F5558588378}
		{7AFB8336-1943-4C4A-AF68-1569BB2C7729} = {B497FEAF-5BE2-4BA6-93AF-47A43ECCB7A3}
		{1E90418E-3FBE-4A47-A208-D0DDB554AE74} = {B497FEAF-5BE2-4BA6-93AF-47A43ECCB7A3}
	EndGlobalSection
	GlobalSection(ProjectConfigurationPlatforms) = postSolution
		{06F08354-E6B2-4052-9BAB-C6F73BC5C1AE}.Debug|Any CPU.ActiveCfg = Debug|Any CPU
		{06F08354-E6B2-4052-9BAB-C6F73BC5C1AE}.Debug|Any CPU.Build.0 = Debug|Any CPU
		{06F08354-E6B2-4052-9BAB-C6F73BC5C1AE}.Release|Any CPU.ActiveCfg = Release|Any CPU
		{06F08354-E6B2-4052-9BAB-C6F73BC5C1AE}.Release|Any CPU.Build.0 = Release|Any CPU
		{AC8F92E7-8D32-42FE-BD31-01A0673F9C61}.Debug|Any CPU.ActiveCfg = Debug|Any CPU
		{AC8F92E7-8D32-42FE-BD31-01A0673F9C61}.Debug|Any CPU.Build.0 = Debug|Any CPU
		{AC8F92E7-8D32-42FE-BD31-01A0673F9C61}.Release|Any CPU.ActiveCfg = Release|Any CPU
		{AC8F92E7-8D32-42FE-BD31-01A0673F9C61}.Release|Any CPU.Build.0 = Release|Any CPU
		{08E47CB0-646B-4A5C-B527-3AEC7F894187}.Debug|Any CPU.ActiveCfg = Debug|Any CPU
		{08E47CB0-646B-4A5C-B527-3AEC7F894187}.Debug|Any CPU.Build.0 = Debug|Any CPU
		{08E47CB0-646B-4A5C-B527-3AEC7F894187}.Release|Any CPU.ActiveCfg = Release|Any CPU
		{08E47CB0-646B-4A5C-B527-3AEC7F894187}.Release|Any CPU.Build.0 = Release|Any CPU
		{7AFB8336-1943-4C4A-AF68-1569BB2C7729}.Debug|Any CPU.ActiveCfg = Debug|Any CPU
		{7AFB8336-1943-4C4A-AF68-1569BB2C7729}.Debug|Any CPU.Build.0 = Debug|Any CPU
		{7AFB8336-1943-4C4A-AF68-1569BB2C7729}.Release|Any CPU.ActiveCfg = Release|Any CPU
		{7AFB8336-1943-4C4A-AF68-1569BB2C7729}.Release|Any CPU.Build.0 = Release|Any CPU
		{1E90418E-3FBE-4A47-A208-D0DDB554AE74}.Debug|Any CPU.ActiveCfg = Debug|Any CPU
		{1E90418E-3FBE-4A47-A208-D0DDB554AE74}.Debug|Any CPU.Build.0 = Debug|Any CPU
		{1E90418E-3FBE-4A47-A208-D0DDB554AE74}.Release|Any CPU.ActiveCfg = Release|Any CPU
		{1E90418E-3FBE-4A47-A208-D0DDB554AE74}.Release|Any CPU.Build.0 = Release|Any CPU
	EndGlobalSection
EndGlobal
